
Microsoft Visual Studio Solution File, Format Version 12.00
# Visual Studio 15
VisualStudioVersion = 15.0.27428.2015
MinimumVisualStudioVersion = 10.0.40219.1
Project("{2150E333-8FDC-42A3-9474-1A3956D46DE8}") = "test", "test", "{2C642B1B-7C9C-44D6-8A42-6E39E7033334}"
EndProject
Project("{2150E333-8FDC-42A3-9474-1A3956D46DE8}") = "src", "src", "{BA25AC76-37DA-4B15-BA0F-1824068A49F9}"
EndProject
Project("{2150E333-8FDC-42A3-9474-1A3956D46DE8}") = "samples", "samples", "{477C1942-C806-4388-B270-F48231EC5D5A}"
EndProject
Project("{9A19103F-16F7-4668-BE54-9A1E7A4F7556}") = "Shitou.Framework.ORM", "src\Shitou.Framework.ORM\Shitou.Framework.ORM.csproj", "{1A69CBE5-F271-416F-AC22-E5B261A9F8EE}"
EndProject
Project("{9A19103F-16F7-4668-BE54-9A1E7A4F7556}") = "Shitou.Framework.Autofac", "src\Shitou.Framework.Autofac\Shitou.Framework.Autofac.csproj", "{ABDD8CAE-CC4C-4E2C-896D-F1287053AF9F}"
EndProject
Project("{9A19103F-16F7-4668-BE54-9A1E7A4F7556}") = "Shitou.Framework.Log4net", "src\Shitou.Framework.Log4net\Shitou.Framework.Log4net.csproj", "{B0FAB387-2AD9-4463-9EE0-840FF8325BD4}"
EndProject
Project("{9A19103F-16F7-4668-BE54-9A1E7A4F7556}") = "Shitou.Framework.Nlog", "src\Shitou.Framework.Nlog\Shitou.Framework.Nlog.csproj", "{41FABF76-8A0A-4F17-BA2C-44FE9FD3A20C}"
EndProject
Project("{9A19103F-16F7-4668-BE54-9A1E7A4F7556}") = "Shitou.Framework.Caching", "src\Shitou.Framework.Caching\Shitou.Framework.Caching.csproj", "{4688F6C4-EACF-4A7D-BE52-4EBD9230413F}"
EndProject
Project("{9A19103F-16F7-4668-BE54-9A1E7A4F7556}") = "Shitou.Framework.AliyunOss", "src\Shitou.Framework.AliyunOss\Shitou.Framework.AliyunOss.csproj", "{E263974A-CC52-468F-A070-C8BE32ACE5A8}"
EndProject
Project("{9A19103F-16F7-4668-BE54-9A1E7A4F7556}") = "Shitou.Framework.RabbitMQ", "src\Shitou.Framework.RabbitMQ\Shitou.Framework.RabbitMQ.csproj", "{B02B0F58-070C-43DA-8201-2A168B085EB6}"
EndProject
Project("{9A19103F-16F7-4668-BE54-9A1E7A4F7556}") = "RabbitMQ_P", "test\RabbitMQ_P\RabbitMQ_P.csproj", "{D6B7F1BD-B4AD-45E5-85C3-F250E08CAFA3}"
EndProject
Project("{9A19103F-16F7-4668-BE54-9A1E7A4F7556}") = "RabbitMQ_C", "test\RabbitMQ_C\RabbitMQ_C.csproj", "{5F72C5A0-B13F-4777-8686-2B624F3865A1}"
EndProject
Project("{9A19103F-16F7-4668-BE54-9A1E7A4F7556}") = "Shitou.Framework.Quartz4Net", "src\Shitou.Framework.Quartz4Net\Shitou.Framework.Quartz4Net.csproj", "{DD285B4E-6275-481F-BDE1-34AECE625B5C}"
EndProject
Project("{9A19103F-16F7-4668-BE54-9A1E7A4F7556}") = "Quartz4NetTest", "test\Quartz4NetTest\Quartz4NetTest.csproj", "{65484B94-D364-4269-8CCD-AB7F87880604}"
EndProject
Project("{9A19103F-16F7-4668-BE54-9A1E7A4F7556}") = "AliyunOssTest", "test\AliyunOssTest\AliyunOssTest.csproj", "{91CEFB96-3A87-41C0-9D53-B688A5CD244E}"
EndProject
Project("{9A19103F-16F7-4668-BE54-9A1E7A4F7556}") = "Shitou.Framework.SignalR", "src\Shitou.Framework.SignalR\Shitou.Framework.SignalR.csproj", "{EBCF1B4A-A19C-4073-AC6D-B5D84DB449F7}"
EndProject
Project("{9A19103F-16F7-4668-BE54-9A1E7A4F7556}") = "SignalRConsole", "test\SignalRConsole\SignalRConsole.csproj", "{F89DFF5A-FD98-49F4-9FB9-AE10E4E3EA03}"
EndProject
Project("{9A19103F-16F7-4668-BE54-9A1E7A4F7556}") = "Shitou.Framework.Demo.Mvc", "samples\Shitou.Framework.MvcDemo\Shitou.Framework.Demo.Mvc.csproj", "{21A267ED-81FD-4AAD-8A27-A9DF256BEE9E}"
EndProject
Project("{9A19103F-16F7-4668-BE54-9A1E7A4F7556}") = "Shitou.Framework.Demo.Dao", "samples\Shitou.Framework.Demo.Dao\Shitou.Framework.Demo.Dao.csproj", "{AF56CBC7-E8B7-40D4-B44E-8936BEEC1D45}"
EndProject
Project("{9A19103F-16F7-4668-BE54-9A1E7A4F7556}") = "Shitou.Framework.Demo.DataContract", "samples\Shitou.Framework.Demo.DataContract\Shitou.Framework.Demo.DataContract.csproj", "{4D21DCD5-9765-4666-93E3-D0748DA0BB00}"
EndProject
Project("{9A19103F-16F7-4668-BE54-9A1E7A4F7556}") = "Shitou.Framework.Demo.Service", "samples\Shitou.Framework.Demo.Service\Shitou.Framework.Demo.Service.csproj", "{BDE25462-0592-49EB-BDFE-5E62F007DF16}"
EndProject
Project("{9A19103F-16F7-4668-BE54-9A1E7A4F7556}") = "Shitou.Framework.Demo.Model", "samples\Shitou.Framework.Demo.Model\Shitou.Framework.Demo.Model.csproj", "{6BDD8642-8351-4627-97B8-3FAA24E06505}"
EndProject
Project("{9A19103F-16F7-4668-BE54-9A1E7A4F7556}") = "Shitou.Framework.Demo.Utils", "samples\Shitou.Framework.Demo.Utils\Shitou.Framework.Demo.Utils.csproj", "{5621BC64-4FDE-4CF7-B1F6-D7D8A242657D}"
EndProject
Project("{9A19103F-16F7-4668-BE54-9A1E7A4F7556}") = "Shitou.Framework.Demo.Application", "samples\Shitou.Framework.Demo.Application\Shitou.Framework.Demo.Application.csproj", "{2B906F96-2E5F-4776-BA2E-48FBDC40B1D2}"
EndProject
Project("{9A19103F-16F7-4668-BE54-9A1E7A4F7556}") = "Shitou.Framework.Payment", "src\Shitou.Framework.Payment\Shitou.Framework.Payment.csproj", "{9E519824-DB57-4194-8FB9-E50D2800150B}"
EndProject
Project("{9A19103F-16F7-4668-BE54-9A1E7A4F7556}") = "Shitou.Framework.Demo.WebApi", "samples\Shitou.Framework.Demo.WebApi\Shitou.Framework.Demo.WebApi.csproj", "{B977171A-EC11-4605-A32A-1F064651FF69}"
EndProject
Project("{FAE04EC0-301F-11D3-BF4B-00C04F79EFBC}") = "Shitou.Framework.Demo.WebApp", "samples\Shitou.Framework.Demo.WebApp\Shitou.Framework.Demo.WebApp.csproj", "{FFA35F9F-DF1A-46D0-8BF9-E3560C069FD0}"
EndProject
Global
	GlobalSection(SolutionConfigurationPlatforms) = preSolution
		Debug|Any CPU = Debug|Any CPU
		Release|Any CPU = Release|Any CPU
	EndGlobalSection
	GlobalSection(ProjectConfigurationPlatforms) = postSolution
		{1A69CBE5-F271-416F-AC22-E5B261A9F8EE}.Debug|Any CPU.ActiveCfg = Debug|Any CPU
		{1A69CBE5-F271-416F-AC22-E5B261A9F8EE}.Debug|Any CPU.Build.0 = Debug|Any CPU
		{1A69CBE5-F271-416F-AC22-E5B261A9F8EE}.Release|Any CPU.ActiveCfg = Release|Any CPU
		{1A69CBE5-F271-416F-AC22-E5B261A9F8EE}.Release|Any CPU.Build.0 = Release|Any CPU
		{ABDD8CAE-CC4C-4E2C-896D-F1287053AF9F}.Debug|Any CPU.ActiveCfg = Debug|Any CPU
		{ABDD8CAE-CC4C-4E2C-896D-F1287053AF9F}.Debug|Any CPU.Build.0 = Debug|Any CPU
		{ABDD8CAE-CC4C-4E2C-896D-F1287053AF9F}.Release|Any CPU.ActiveCfg = Release|Any CPU
		{ABDD8CAE-CC4C-4E2C-896D-F1287053AF9F}.Release|Any CPU.Build.0 = Release|Any CPU
		{B0FAB387-2AD9-4463-9EE0-840FF8325BD4}.Debug|Any CPU.ActiveCfg = Debug|Any CPU
		{B0FAB387-2AD9-4463-9EE0-840FF8325BD4}.Debug|Any CPU.Build.0 = Debug|Any CPU
		{B0FAB387-2AD9-4463-9EE0-840FF8325BD4}.Release|Any CPU.ActiveCfg = Release|Any CPU
		{B0FAB387-2AD9-4463-9EE0-840FF8325BD4}.Release|Any CPU.Build.0 = Release|Any CPU
		{41FABF76-8A0A-4F17-BA2C-44FE9FD3A20C}.Debug|Any CPU.ActiveCfg = Debug|Any CPU
		{41FABF76-8A0A-4F17-BA2C-44FE9FD3A20C}.Debug|Any CPU.Build.0 = Debug|Any CPU
		{41FABF76-8A0A-4F17-BA2C-44FE9FD3A20C}.Release|Any CPU.ActiveCfg = Release|Any CPU
		{41FABF76-8A0A-4F17-BA2C-44FE9FD3A20C}.Release|Any CPU.Build.0 = Release|Any CPU
		{4688F6C4-EACF-4A7D-BE52-4EBD9230413F}.Debug|Any CPU.ActiveCfg = Debug|Any CPU
		{4688F6C4-EACF-4A7D-BE52-4EBD9230413F}.Debug|Any CPU.Build.0 = Debug|Any CPU
		{4688F6C4-EACF-4A7D-BE52-4EBD9230413F}.Release|Any CPU.ActiveCfg = Release|Any CPU
		{4688F6C4-EACF-4A7D-BE52-4EBD9230413F}.Release|Any CPU.Build.0 = Release|Any CPU
		{E263974A-CC52-468F-A070-C8BE32ACE5A8}.Debug|Any CPU.ActiveCfg = Debug|Any CPU
		{E263974A-CC52-468F-A070-C8BE32ACE5A8}.Debug|Any CPU.Build.0 = Debug|Any CPU
		{E263974A-CC52-468F-A070-C8BE32ACE5A8}.Release|Any CPU.ActiveCfg = Release|Any CPU
		{E263974A-CC52-468F-A070-C8BE32ACE5A8}.Release|Any CPU.Build.0 = Release|Any CPU
		{B02B0F58-070C-43DA-8201-2A168B085EB6}.Debug|Any CPU.ActiveCfg = Debug|Any CPU
		{B02B0F58-070C-43DA-8201-2A168B085EB6}.Debug|Any CPU.Build.0 = Debug|Any CPU
		{B02B0F58-070C-43DA-8201-2A168B085EB6}.Release|Any CPU.ActiveCfg = Release|Any CPU
		{B02B0F58-070C-43DA-8201-2A168B085EB6}.Release|Any CPU.Build.0 = Release|Any CPU
		{D6B7F1BD-B4AD-45E5-85C3-F250E08CAFA3}.Debug|Any CPU.ActiveCfg = Debug|Any CPU
		{D6B7F1BD-B4AD-45E5-85C3-F250E08CAFA3}.Debug|Any CPU.Build.0 = Debug|Any CPU
		{D6B7F1BD-B4AD-45E5-85C3-F250E08CAFA3}.Release|Any CPU.ActiveCfg = Release|Any CPU
		{D6B7F1BD-B4AD-45E5-85C3-F250E08CAFA3}.Release|Any CPU.Build.0 = Release|Any CPU
		{5F72C5A0-B13F-4777-8686-2B624F3865A1}.Debug|Any CPU.ActiveCfg = Debug|Any CPU
		{5F72C5A0-B13F-4777-8686-2B624F3865A1}.Debug|Any CPU.Build.0 = Debug|Any CPU
		{5F72C5A0-B13F-4777-8686-2B624F3865A1}.Release|Any CPU.ActiveCfg = Release|Any CPU
		{5F72C5A0-B13F-4777-8686-2B624F3865A1}.Release|Any CPU.Build.0 = Release|Any CPU
		{DD285B4E-6275-481F-BDE1-34AECE625B5C}.Debug|Any CPU.ActiveCfg = Debug|Any CPU
		{DD285B4E-6275-481F-BDE1-34AECE625B5C}.Debug|Any CPU.Build.0 = Debug|Any CPU
		{DD285B4E-6275-481F-BDE1-34AECE625B5C}.Release|Any CPU.ActiveCfg = Release|Any CPU
		{DD285B4E-6275-481F-BDE1-34AECE625B5C}.Release|Any CPU.Build.0 = Release|Any CPU
		{65484B94-D364-4269-8CCD-AB7F87880604}.Debug|Any CPU.ActiveCfg = Debug|Any CPU
		{65484B94-D364-4269-8CCD-AB7F87880604}.Debug|Any CPU.Build.0 = Debug|Any CPU
		{65484B94-D364-4269-8CCD-AB7F87880604}.Release|Any CPU.ActiveCfg = Release|Any CPU
		{65484B94-D364-4269-8CCD-AB7F87880604}.Release|Any CPU.Build.0 = Release|Any CPU
		{91CEFB96-3A87-41C0-9D53-B688A5CD244E}.Debug|Any CPU.ActiveCfg = Debug|Any CPU
		{91CEFB96-3A87-41C0-9D53-B688A5CD244E}.Debug|Any CPU.Build.0 = Debug|Any CPU
		{91CEFB96-3A87-41C0-9D53-B688A5CD244E}.Release|Any CPU.ActiveCfg = Release|Any CPU
		{91CEFB96-3A87-41C0-9D53-B688A5CD244E}.Release|Any CPU.Build.0 = Release|Any CPU
		{EBCF1B4A-A19C-4073-AC6D-B5D84DB449F7}.Debug|Any CPU.ActiveCfg = Debug|Any CPU
		{EBCF1B4A-A19C-4073-AC6D-B5D84DB449F7}.Debug|Any CPU.Build.0 = Debug|Any CPU
		{EBCF1B4A-A19C-4073-AC6D-B5D84DB449F7}.Release|Any CPU.ActiveCfg = Release|Any CPU
		{EBCF1B4A-A19C-4073-AC6D-B5D84DB449F7}.Release|Any CPU.Build.0 = Release|Any CPU
		{F89DFF5A-FD98-49F4-9FB9-AE10E4E3EA03}.Debug|Any CPU.ActiveCfg = Debug|Any CPU
		{F89DFF5A-FD98-49F4-9FB9-AE10E4E3EA03}.Debug|Any CPU.Build.0 = Debug|Any CPU
		{F89DFF5A-FD98-49F4-9FB9-AE10E4E3EA03}.Release|Any CPU.ActiveCfg = Release|Any CPU
		{F89DFF5A-FD98-49F4-9FB9-AE10E4E3EA03}.Release|Any CPU.Build.0 = Release|Any CPU
		{21A267ED-81FD-4AAD-8A27-A9DF256BEE9E}.Debug|Any CPU.ActiveCfg = Debug|Any CPU
		{21A267ED-81FD-4AAD-8A27-A9DF256BEE9E}.Debug|Any CPU.Build.0 = Debug|Any CPU
		{21A267ED-81FD-4AAD-8A27-A9DF256BEE9E}.Release|Any CPU.ActiveCfg = Release|Any CPU
		{21A267ED-81FD-4AAD-8A27-A9DF256BEE9E}.Release|Any CPU.Build.0 = Release|Any CPU
		{AF56CBC7-E8B7-40D4-B44E-8936BEEC1D45}.Debug|Any CPU.ActiveCfg = Debug|Any CPU
		{AF56CBC7-E8B7-40D4-B44E-8936BEEC1D45}.Debug|Any CPU.Build.0 = Debug|Any CPU
		{AF56CBC7-E8B7-40D4-B44E-8936BEEC1D45}.Release|Any CPU.ActiveCfg = Release|Any CPU
		{AF56CBC7-E8B7-40D4-B44E-8936BEEC1D45}.Release|Any CPU.Build.0 = Release|Any CPU
		{4D21DCD5-9765-4666-93E3-D0748DA0BB00}.Debug|Any CPU.ActiveCfg = Debug|Any CPU
		{4D21DCD5-9765-4666-93E3-D0748DA0BB00}.Debug|Any CPU.Build.0 = Debug|Any CPU
		{4D21DCD5-9765-4666-93E3-D0748DA0BB00}.Release|Any CPU.ActiveCfg = Release|Any CPU
		{4D21DCD5-9765-4666-93E3-D0748DA0BB00}.Release|Any CPU.Build.0 = Release|Any CPU
		{BDE25462-0592-49EB-BDFE-5E62F007DF16}.Debug|Any CPU.ActiveCfg = Debug|Any CPU
		{BDE25462-0592-49EB-BDFE-5E62F007DF16}.Debug|Any CPU.Build.0 = Debug|Any CPU
		{BDE25462-0592-49EB-BDFE-5E62F007DF16}.Release|Any CPU.ActiveCfg = Release|Any CPU
		{BDE25462-0592-49EB-BDFE-5E62F007DF16}.Release|Any CPU.Build.0 = Release|Any CPU
		{6BDD8642-8351-4627-97B8-3FAA24E06505}.Debug|Any CPU.ActiveCfg = Debug|Any CPU
		{6BDD8642-8351-4627-97B8-3FAA24E06505}.Debug|Any CPU.Build.0 = Debug|Any CPU
		{6BDD8642-8351-4627-97B8-3FAA24E06505}.Release|Any CPU.ActiveCfg = Release|Any CPU
		{6BDD8642-8351-4627-97B8-3FAA24E06505}.Release|Any CPU.Build.0 = Release|Any CPU
		{5621BC64-4FDE-4CF7-B1F6-D7D8A242657D}.Debug|Any CPU.ActiveCfg = Debug|Any CPU
		{5621BC64-4FDE-4CF7-B1F6-D7D8A242657D}.Debug|Any CPU.Build.0 = Debug|Any CPU
		{5621BC64-4FDE-4CF7-B1F6-D7D8A242657D}.Release|Any CPU.ActiveCfg = Release|Any CPU
		{5621BC64-4FDE-4CF7-B1F6-D7D8A242657D}.Release|Any CPU.Build.0 = Release|Any CPU
		{2B906F96-2E5F-4776-BA2E-48FBDC40B1D2}.Debug|Any CPU.ActiveCfg = Debug|Any CPU
		{2B906F96-2E5F-4776-BA2E-48FBDC40B1D2}.Debug|Any CPU.Build.0 = Debug|Any CPU
		{2B906F96-2E5F-4776-BA2E-48FBDC40B1D2}.Release|Any CPU.ActiveCfg = Release|Any CPU
		{2B906F96-2E5F-4776-BA2E-48FBDC40B1D2}.Release|Any CPU.Build.0 = Release|Any CPU
		{9E519824-DB57-4194-8FB9-E50D2800150B}.Debug|Any CPU.ActiveCfg = Debug|Any CPU
		{9E519824-DB57-4194-8FB9-E50D2800150B}.Debug|Any CPU.Build.0 = Debug|Any CPU
		{9E519824-DB57-4194-8FB9-E50D2800150B}.Release|Any CPU.ActiveCfg = Release|Any CPU
		{9E519824-DB57-4194-8FB9-E50D2800150B}.Release|Any CPU.Build.0 = Release|Any CPU
		{B977171A-EC11-4605-A32A-1F064651FF69}.Debug|Any CPU.ActiveCfg = Debug|Any CPU
		{B977171A-EC11-4605-A32A-1F064651FF69}.Debug|Any CPU.Build.0 = Debug|Any CPU
		{B977171A-EC11-4605-A32A-1F064651FF69}.Release|Any CPU.ActiveCfg = Release|Any CPU
		{B977171A-EC11-4605-A32A-1F064651FF69}.Release|Any CPU.Build.0 = Release|Any CPU
		{FFA35F9F-DF1A-46D0-8BF9-E3560C069FD0}.Debug|Any CPU.ActiveCfg = Debug|Any CPU
		{FFA35F9F-DF1A-46D0-8BF9-E3560C069FD0}.Debug|Any CPU.Build.0 = Debug|Any CPU
		{FFA35F9F-DF1A-46D0-8BF9-E3560C069FD0}.Release|Any CPU.ActiveCfg = Release|Any CPU
		{FFA35F9F-DF1A-46D0-8BF9-E3560C069FD0}.Release|Any CPU.Build.0 = Release|Any CPU
	EndGlobalSection
	GlobalSection(SolutionProperties) = preSolution
		HideSolutionNode = FALSE
	EndGlobalSection
	GlobalSection(NestedProjects) = preSolution
		{1A69CBE5-F271-416F-AC22-E5B261A9F8EE} = {BA25AC76-37DA-4B15-BA0F-1824068A49F9}
		{ABDD8CAE-CC4C-4E2C-896D-F1287053AF9F} = {BA25AC76-37DA-4B15-BA0F-1824068A49F9}
		{B0FAB387-2AD9-4463-9EE0-840FF8325BD4} = {BA25AC76-37DA-4B15-BA0F-1824068A49F9}
		{41FABF76-8A0A-4F17-BA2C-44FE9FD3A20C} = {BA25AC76-37DA-4B15-BA0F-1824068A49F9}
		{4688F6C4-EACF-4A7D-BE52-4EBD9230413F} = {BA25AC76-37DA-4B15-BA0F-1824068A49F9}
		{E263974A-CC52-468F-A070-C8BE32ACE5A8} = {BA25AC76-37DA-4B15-BA0F-1824068A49F9}
		{B02B0F58-070C-43DA-8201-2A168B085EB6} = {BA25AC76-37DA-4B15-BA0F-1824068A49F9}
		{D6B7F1BD-B4AD-45E5-85C3-F250E08CAFA3} = {2C642B1B-7C9C-44D6-8A42-6E39E7033334}
		{5F72C5A0-B13F-4777-8686-2B624F3865A1} = {2C642B1B-7C9C-44D6-8A42-6E39E7033334}
		{DD285B4E-6275-481F-BDE1-34AECE625B5C} = {BA25AC76-37DA-4B15-BA0F-1824068A49F9}
		{65484B94-D364-4269-8CCD-AB7F87880604} = {2C642B1B-7C9C-44D6-8A42-6E39E7033334}
		{91CEFB96-3A87-41C0-9D53-B688A5CD244E} = {2C642B1B-7C9C-44D6-8A42-6E39E7033334}
		{EBCF1B4A-A19C-4073-AC6D-B5D84DB449F7} = {BA25AC76-37DA-4B15-BA0F-1824068A49F9}
		{F89DFF5A-FD98-49F4-9FB9-AE10E4E3EA03} = {2C642B1B-7C9C-44D6-8A42-6E39E7033334}
		{21A267ED-81FD-4AAD-8A27-A9DF256BEE9E} = {477C1942-C806-4388-B270-F48231EC5D5A}
		{AF56CBC7-E8B7-40D4-B44E-8936BEEC1D45} = {477C1942-C806-4388-B270-F48231EC5D5A}
		{4D21DCD5-9765-4666-93E3-D0748DA0BB00} = {477C1942-C806-4388-B270-F48231EC5D5A}
		{BDE25462-0592-49EB-BDFE-5E62F007DF16} = {477C1942-C806-4388-B270-F48231EC5D5A}
		{6BDD8642-8351-4627-97B8-3FAA24E06505} = {477C1942-C806-4388-B270-F48231EC5D5A}
		{5621BC64-4FDE-4CF7-B1F6-D7D8A242657D} = {477C1942-C806-4388-B270-F48231EC5D5A}
		{2B906F96-2E5F-4776-BA2E-48FBDC40B1D2} = {477C1942-C806-4388-B270-F48231EC5D5A}
		{9E519824-DB57-4194-8FB9-E50D2800150B} = {BA25AC76-37DA-4B15-BA0F-1824068A49F9}
		{B977171A-EC11-4605-A32A-1F064651FF69} = {477C1942-C806-4388-B270-F48231EC5D5A}
		{FFA35F9F-DF1A-46D0-8BF9-E3560C069FD0} = {477C1942-C806-4388-B270-F48231EC5D5A}
	EndGlobalSection
	GlobalSection(ExtensibilityGlobals) = postSolution
		SolutionGuid = {4ADCC92F-E048-4458-BE0B-33BC679EEEC7}
	EndGlobalSection
EndGlobal
